{
  "version": 4,
  "terraform_version": "1.7.1",
  "serial": 16,
  "lineage": "9cf4db88-84f1-90cf-1973-43c6ffd89ee6",
  "outputs": {
    "linux_avset": {
      "value": "linux-avs",
      "type": "string"
    },
    "subnet1_address_space": {
      "value": [
        "10.0.0.0/24"
      ],
      "type": [
        "list",
        "string"
      ]
    },
    "subnet1_name": {
      "value": "network_subnet1",
      "type": "string"
    },
    "subnet2_address_space": {
      "value": [
        "10.0.1.0/24"
      ],
      "type": [
        "list",
        "string"
      ]
    },
    "subnet2_name": {
      "value": "network_subnet2",
      "type": "string"
    },
    "vm_fqdn": {
      "value": [
        "n01605052-u-vm1-pip-1.canadacentral.cloudapp.azure.com",
        "n01605052-u-vm1-pip-2.canadacentral.cloudapp.azure.com"
      ],
      "type": [
        "tuple",
        [
          "string",
          "string"
        ]
      ]
    },
    "vm_hostname": {
      "value": [
        "n01605052-u-vm1-1",
        "n01605052-u-vm1-2"
      ],
      "type": [
        "tuple",
        [
          "string",
          "string"
        ]
      ]
    },
    "vm_private_ip": {
      "value": [
        "10.0.0.5",
        "10.0.0.4"
      ],
      "type": [
        "tuple",
        [
          "string",
          "string"
        ]
      ]
    },
    "vm_public_ip": {
      "value": [
        "",
        ""
      ],
      "type": [
        "tuple",
        [
          "string",
          "string"
        ]
      ]
    },
    "vnet_address_space": {
      "value": [
        "10.0.0.0/16"
      ],
      "type": [
        "list",
        "string"
      ]
    },
    "vnet_name": {
      "value": "network-vnet",
      "type": "string"
    }
  },
  "resources": [
    {
      "mode": "managed",
      "type": "azurerm_availability_set",
      "name": "linux_avset",
      "provider": "provider[\"registry.terraform.io/hashicorp/azurerm\"]",
      "instances": [
        {
          "schema_version": 0,
          "attributes": {
            "id": "/subscriptions/cbb7d814-5676-40c4-9a70-ef502683805b/resourceGroups/network-rg/providers/Microsoft.Compute/availabilitySets/linux-avs",
            "location": "canadacentral",
            "managed": true,
            "name": "linux-avs",
            "platform_fault_domain_count": 2,
            "platform_update_domain_count": 5,
            "proximity_placement_group_id": null,
            "resource_group_name": "network-rg",
            "tags": null,
            "timeouts": null
          },
          "sensitive_attributes": [],
          "private": "eyJlMmJmYjczMC1lY2FhLTExZTYtOGY4OC0zNDM2M2JjN2M0YzAiOnsiY3JlYXRlIjoxODAwMDAwMDAwMDAwLCJkZWxldGUiOjE4MDAwMDAwMDAwMDAsInJlYWQiOjMwMDAwMDAwMDAwMCwidXBkYXRlIjoxODAwMDAwMDAwMDAwfX0=",
          "dependencies": [
            "azurerm_resource_group.network-rg"
          ]
        }
      ]
    },
    {
      "mode": "managed",
      "type": "azurerm_linux_virtual_machine",
      "name": "linux-vm",
      "provider": "provider[\"registry.terraform.io/hashicorp/azurerm\"]",
      "instances": [
        {
          "index_key": 0,
          "schema_version": 0,
          "attributes": {
            "additional_capabilities": [],
            "admin_password": null,
            "admin_ssh_key": [
              {
                "public_key": "ssh-rsa AAAAB3NzaC1yc2EAAAADAQABAAABgQCvWLCcfUGYY/JJX2dXcTyO1gBE8v3k2Nce5BfOVbgpZJGzuyGHlZThnr4OtLu8AwDzi2dMdCwktu27m//o+9/LsQjoKf5d5wNHeG9aVUDWo1K2nJwhWmQHMfA7VrT4gH2jR2KKG3v8DHLetWnhznk/4I8mY2hgOmYiaJl+rASnNzXLJ+9raYkd/LbfJNGzVl+/rQbtbrm4/URgnML3htM5CbSufB6Cbp3ymMPwpxOh80T6ToOvqqxJAkoswufRiDGdPYNUgYqZyDzIO2B8w7meuN6Be88ULM6cme66q+8N+blfUc8YNi0nYrfhP0FTShG8k3c74DISjBR5PLCI0QkWAVRRAed8GpVBpXC5900K3UJ0LH0tf/62J1j0cOEyYowbPt5trUvdy0TPMnZNkEp4iORqiyXj8vKC2Ac1kpVC3PV2XzPj094pYxx3bSWU5WWZvJz89IreoM2+2NCdt90c033Q9PZna2dqxPEAIxJIypAJzAGOUi+uBa6DAsUVm+U= kaushal@MRCOOL\n",
                "username": "kaushal"
              }
            ],
            "admin_username": "kaushal",
            "allow_extension_operations": true,
            "availability_set_id": "",
            "boot_diagnostics": [],
            "bypass_platform_safety_checks_on_user_schedule_enabled": false,
            "capacity_reservation_group_id": "",
            "computer_name": "n01605052-u-vm1-1",
            "custom_data": null,
            "dedicated_host_group_id": "",
            "dedicated_host_id": "",
            "disable_password_authentication": true,
            "edge_zone": "",
            "encryption_at_host_enabled": false,
            "eviction_policy": "",
            "extensions_time_budget": "PT1H30M",
            "gallery_application": [],
            "id": "/subscriptions/cbb7d814-5676-40c4-9a70-ef502683805b/resourceGroups/network-rg/providers/Microsoft.Compute/virtualMachines/n01605052-u-vm1-1",
            "identity": [],
            "license_type": "",
            "location": "canadacentral",
            "max_bid_price": -1,
            "name": "n01605052-u-vm1-1",
            "network_interface_ids": [
              "/subscriptions/cbb7d814-5676-40c4-9a70-ef502683805b/resourceGroups/network-rg/providers/Microsoft.Network/networkInterfaces/n01605052-u-vm1-nic-2"
            ],
            "os_disk": [
              {
                "caching": "ReadWrite",
                "diff_disk_settings": [],
                "disk_encryption_set_id": "",
                "disk_size_gb": 32,
                "name": "n01605052-u-vm1-os-disk-1",
                "secure_vm_disk_encryption_set_id": "",
                "security_encryption_type": "",
                "storage_account_type": "Premium_LRS",
                "write_accelerator_enabled": false
              }
            ],
            "patch_assessment_mode": "ImageDefault",
            "patch_mode": "ImageDefault",
            "plan": [],
            "platform_fault_domain": -1,
            "priority": "Regular",
            "private_ip_address": "10.0.0.4",
            "private_ip_addresses": [
              "10.0.0.4"
            ],
            "provision_vm_agent": true,
            "proximity_placement_group_id": "",
            "public_ip_address": "",
            "public_ip_addresses": [],
            "reboot_setting": "",
            "resource_group_name": "network-rg",
            "secret": [],
            "secure_boot_enabled": false,
            "size": "Standard_B1s",
            "source_image_id": "",
            "source_image_reference": [
              {
                "offer": "UbuntuServer",
                "publisher": "Canonical",
                "sku": "19.04",
                "version": "latest"
              }
            ],
            "tags": {
              "ContactEmail": "n01605052@humber.ca",
              "Environment": "Lab",
              "Name": "Terraform-Class",
              "Project": "Learning"
            },
            "termination_notification": null,
            "timeouts": null,
            "user_data": "",
            "virtual_machine_id": "f4b7b324-90a4-4973-ac73-fae8914560c1",
            "virtual_machine_scale_set_id": "",
            "vtpm_enabled": false,
            "zone": ""
          },
          "sensitive_attributes": [],
          "private": "eyJlMmJmYjczMC1lY2FhLTExZTYtOGY4OC0zNDM2M2JjN2M0YzAiOnsiY3JlYXRlIjoyNzAwMDAwMDAwMDAwLCJkZWxldGUiOjI3MDAwMDAwMDAwMDAsInJlYWQiOjMwMDAwMDAwMDAwMCwidXBkYXRlIjoyNzAwMDAwMDAwMDAwfX0=",
          "dependencies": [
            "azurerm_network_interface.linux-nic",
            "azurerm_resource_group.network-rg",
            "azurerm_subnet.network-subnet1",
            "azurerm_virtual_network.network-vnet"
          ]
        },
        {
          "index_key": 1,
          "schema_version": 0,
          "attributes": {
            "additional_capabilities": [],
            "admin_password": null,
            "admin_ssh_key": [
              {
                "public_key": "ssh-rsa AAAAB3NzaC1yc2EAAAADAQABAAABgQCvWLCcfUGYY/JJX2dXcTyO1gBE8v3k2Nce5BfOVbgpZJGzuyGHlZThnr4OtLu8AwDzi2dMdCwktu27m//o+9/LsQjoKf5d5wNHeG9aVUDWo1K2nJwhWmQHMfA7VrT4gH2jR2KKG3v8DHLetWnhznk/4I8mY2hgOmYiaJl+rASnNzXLJ+9raYkd/LbfJNGzVl+/rQbtbrm4/URgnML3htM5CbSufB6Cbp3ymMPwpxOh80T6ToOvqqxJAkoswufRiDGdPYNUgYqZyDzIO2B8w7meuN6Be88ULM6cme66q+8N+blfUc8YNi0nYrfhP0FTShG8k3c74DISjBR5PLCI0QkWAVRRAed8GpVBpXC5900K3UJ0LH0tf/62J1j0cOEyYowbPt5trUvdy0TPMnZNkEp4iORqiyXj8vKC2Ac1kpVC3PV2XzPj094pYxx3bSWU5WWZvJz89IreoM2+2NCdt90c033Q9PZna2dqxPEAIxJIypAJzAGOUi+uBa6DAsUVm+U= kaushal@MRCOOL\n",
                "username": "kaushal"
              }
            ],
            "admin_username": "kaushal",
            "allow_extension_operations": true,
            "availability_set_id": "",
            "boot_diagnostics": [],
            "bypass_platform_safety_checks_on_user_schedule_enabled": false,
            "capacity_reservation_group_id": "",
            "computer_name": "n01605052-u-vm1-2",
            "custom_data": null,
            "dedicated_host_group_id": "",
            "dedicated_host_id": "",
            "disable_password_authentication": true,
            "edge_zone": "",
            "encryption_at_host_enabled": false,
            "eviction_policy": "",
            "extensions_time_budget": "PT1H30M",
            "gallery_application": [],
            "id": "/subscriptions/cbb7d814-5676-40c4-9a70-ef502683805b/resourceGroups/network-rg/providers/Microsoft.Compute/virtualMachines/n01605052-u-vm1-2",
            "identity": [],
            "license_type": "",
            "location": "canadacentral",
            "max_bid_price": -1,
            "name": "n01605052-u-vm1-2",
            "network_interface_ids": [
              "/subscriptions/cbb7d814-5676-40c4-9a70-ef502683805b/resourceGroups/network-rg/providers/Microsoft.Network/networkInterfaces/n01605052-u-vm1-nic-1"
            ],
            "os_disk": [
              {
                "caching": "ReadWrite",
                "diff_disk_settings": [],
                "disk_encryption_set_id": "",
                "disk_size_gb": 32,
                "name": "n01605052-u-vm1-os-disk-2",
                "secure_vm_disk_encryption_set_id": "",
                "security_encryption_type": "",
                "storage_account_type": "Premium_LRS",
                "write_accelerator_enabled": false
              }
            ],
            "patch_assessment_mode": "ImageDefault",
            "patch_mode": "ImageDefault",
            "plan": [],
            "platform_fault_domain": -1,
            "priority": "Regular",
            "private_ip_address": "10.0.0.5",
            "private_ip_addresses": [
              "10.0.0.5"
            ],
            "provision_vm_agent": true,
            "proximity_placement_group_id": "",
            "public_ip_address": "",
            "public_ip_addresses": [],
            "reboot_setting": "",
            "resource_group_name": "network-rg",
            "secret": [],
            "secure_boot_enabled": false,
            "size": "Standard_B1s",
            "source_image_id": "",
            "source_image_reference": [
              {
                "offer": "UbuntuServer",
                "publisher": "Canonical",
                "sku": "19.04",
                "version": "latest"
              }
            ],
            "tags": {
              "ContactEmail": "n01605052@humber.ca",
              "Environment": "Lab",
              "Name": "Terraform-Class",
              "Project": "Learning"
            },
            "termination_notification": null,
            "timeouts": null,
            "user_data": "",
            "virtual_machine_id": "b72e5976-a7a4-46a2-842c-3309bccee893",
            "virtual_machine_scale_set_id": "",
            "vtpm_enabled": false,
            "zone": ""
          },
          "sensitive_attributes": [],
          "private": "eyJlMmJmYjczMC1lY2FhLTExZTYtOGY4OC0zNDM2M2JjN2M0YzAiOnsiY3JlYXRlIjoyNzAwMDAwMDAwMDAwLCJkZWxldGUiOjI3MDAwMDAwMDAwMDAsInJlYWQiOjMwMDAwMDAwMDAwMCwidXBkYXRlIjoyNzAwMDAwMDAwMDAwfX0=",
          "dependencies": [
            "azurerm_network_interface.linux-nic",
            "azurerm_resource_group.network-rg",
            "azurerm_subnet.network-subnet1",
            "azurerm_virtual_network.network-vnet"
          ]
        }
      ]
    },
    {
      "mode": "managed",
      "type": "azurerm_network_interface",
      "name": "linux-nic",
      "provider": "provider[\"registry.terraform.io/hashicorp/azurerm\"]",
      "instances": [
        {
          "index_key": 0,
          "schema_version": 0,
          "attributes": {
            "applied_dns_servers": [],
            "auxiliary_mode": "",
            "auxiliary_sku": "",
            "dns_servers": [],
            "edge_zone": "",
            "enable_accelerated_networking": false,
            "enable_ip_forwarding": false,
            "id": "/subscriptions/cbb7d814-5676-40c4-9a70-ef502683805b/resourceGroups/network-rg/providers/Microsoft.Network/networkInterfaces/n01605052-u-vm1-nic-1",
            "internal_dns_name_label": "",
            "internal_domain_name_suffix": "l0z3ica5e2zurgz2e5502ybilb.ux.internal.cloudapp.net",
            "ip_configuration": [
              {
                "gateway_load_balancer_frontend_ip_configuration_id": "",
                "name": "n01605052-u-vm1-ipconfig-1",
                "primary": true,
                "private_ip_address": "10.0.0.5",
                "private_ip_address_allocation": "Dynamic",
                "private_ip_address_version": "IPv4",
                "public_ip_address_id": "",
                "subnet_id": "/subscriptions/cbb7d814-5676-40c4-9a70-ef502683805b/resourceGroups/network-rg/providers/Microsoft.Network/virtualNetworks/network-vnet/subnets/network_subnet1"
              }
            ],
            "location": "canadacentral",
            "mac_address": "",
            "name": "n01605052-u-vm1-nic-1",
            "private_ip_address": "10.0.0.5",
            "private_ip_addresses": [
              "10.0.0.5"
            ],
            "resource_group_name": "network-rg",
            "tags": {
              "ContactEmail": "n01605052@humber.ca",
              "Environment": "Lab",
              "Name": "Terraform-Class",
              "Project": "Learning"
            },
            "timeouts": null,
            "virtual_machine_id": ""
          },
          "sensitive_attributes": [],
          "private": "eyJlMmJmYjczMC1lY2FhLTExZTYtOGY4OC0zNDM2M2JjN2M0YzAiOnsiY3JlYXRlIjoxODAwMDAwMDAwMDAwLCJkZWxldGUiOjE4MDAwMDAwMDAwMDAsInJlYWQiOjMwMDAwMDAwMDAwMCwidXBkYXRlIjoxODAwMDAwMDAwMDAwfX0=",
          "dependencies": [
            "azurerm_resource_group.network-rg",
            "azurerm_subnet.network-subnet1",
            "azurerm_virtual_network.network-vnet"
          ]
        },
        {
          "index_key": 1,
          "schema_version": 0,
          "attributes": {
            "applied_dns_servers": [],
            "auxiliary_mode": "",
            "auxiliary_sku": "",
            "dns_servers": [],
            "edge_zone": "",
            "enable_accelerated_networking": false,
            "enable_ip_forwarding": false,
            "id": "/subscriptions/cbb7d814-5676-40c4-9a70-ef502683805b/resourceGroups/network-rg/providers/Microsoft.Network/networkInterfaces/n01605052-u-vm1-nic-2",
            "internal_dns_name_label": "",
            "internal_domain_name_suffix": "l0z3ica5e2zurgz2e5502ybilb.ux.internal.cloudapp.net",
            "ip_configuration": [
              {
                "gateway_load_balancer_frontend_ip_configuration_id": "",
                "name": "n01605052-u-vm1-ipconfig-2",
                "primary": true,
                "private_ip_address": "10.0.0.4",
                "private_ip_address_allocation": "Dynamic",
                "private_ip_address_version": "IPv4",
                "public_ip_address_id": "",
                "subnet_id": "/subscriptions/cbb7d814-5676-40c4-9a70-ef502683805b/resourceGroups/network-rg/providers/Microsoft.Network/virtualNetworks/network-vnet/subnets/network_subnet1"
              }
            ],
            "location": "canadacentral",
            "mac_address": "",
            "name": "n01605052-u-vm1-nic-2",
            "private_ip_address": "10.0.0.4",
            "private_ip_addresses": [
              "10.0.0.4"
            ],
            "resource_group_name": "network-rg",
            "tags": {
              "ContactEmail": "n01605052@humber.ca",
              "Environment": "Lab",
              "Name": "Terraform-Class",
              "Project": "Learning"
            },
            "timeouts": null,
            "virtual_machine_id": ""
          },
          "sensitive_attributes": [],
          "private": "eyJlMmJmYjczMC1lY2FhLTExZTYtOGY4OC0zNDM2M2JjN2M0YzAiOnsiY3JlYXRlIjoxODAwMDAwMDAwMDAwLCJkZWxldGUiOjE4MDAwMDAwMDAwMDAsInJlYWQiOjMwMDAwMDAwMDAwMCwidXBkYXRlIjoxODAwMDAwMDAwMDAwfX0=",
          "dependencies": [
            "azurerm_resource_group.network-rg",
            "azurerm_subnet.network-subnet1",
            "azurerm_virtual_network.network-vnet"
          ]
        }
      ]
    },
    {
      "mode": "managed",
      "type": "azurerm_network_security_group",
      "name": "network-nsg1",
      "provider": "provider[\"registry.terraform.io/hashicorp/azurerm\"]",
      "instances": [
        {
          "schema_version": 0,
          "attributes": {
            "id": "/subscriptions/cbb7d814-5676-40c4-9a70-ef502683805b/resourceGroups/network-rg/providers/Microsoft.Network/networkSecurityGroups/network-nsg1",
            "location": "canadacentral",
            "name": "network-nsg1",
            "resource_group_name": "network-rg",
            "security_rule": [
              {
                "access": "Allow",
                "description": "",
                "destination_address_prefix": "*",
                "destination_address_prefixes": [],
                "destination_application_security_group_ids": [],
                "destination_port_range": "22",
                "destination_port_ranges": [],
                "direction": "Inbound",
                "name": "rule1",
                "priority": 100,
                "protocol": "Tcp",
                "source_address_prefix": "*",
                "source_address_prefixes": [],
                "source_application_security_group_ids": [],
                "source_port_range": "*",
                "source_port_ranges": []
              }
            ],
            "tags": null,
            "timeouts": null
          },
          "sensitive_attributes": [],
          "private": "eyJlMmJmYjczMC1lY2FhLTExZTYtOGY4OC0zNDM2M2JjN2M0YzAiOnsiY3JlYXRlIjoxODAwMDAwMDAwMDAwLCJkZWxldGUiOjE4MDAwMDAwMDAwMDAsInJlYWQiOjMwMDAwMDAwMDAwMCwidXBkYXRlIjoxODAwMDAwMDAwMDAwfX0=",
          "dependencies": [
            "azurerm_resource_group.network-rg"
          ]
        }
      ]
    },
    {
      "mode": "managed",
      "type": "azurerm_network_security_group",
      "name": "network-nsg2",
      "provider": "provider[\"registry.terraform.io/hashicorp/azurerm\"]",
      "instances": [
        {
          "schema_version": 0,
          "attributes": {
            "id": "/subscriptions/cbb7d814-5676-40c4-9a70-ef502683805b/resourceGroups/network-rg/providers/Microsoft.Network/networkSecurityGroups/network-nsg2",
            "location": "canadacentral",
            "name": "network-nsg2",
            "resource_group_name": "network-rg",
            "security_rule": [
              {
                "access": "Allow",
                "description": "",
                "destination_address_prefix": "*",
                "destination_address_prefixes": [],
                "destination_application_security_group_ids": [],
                "destination_port_range": "3389",
                "destination_port_ranges": [],
                "direction": "Inbound",
                "name": "rule1",
                "priority": 100,
                "protocol": "Tcp",
                "source_address_prefix": "*",
                "source_address_prefixes": [],
                "source_application_security_group_ids": [],
                "source_port_range": "*",
                "source_port_ranges": []
              },
              {
                "access": "Allow",
                "description": "",
                "destination_address_prefix": "*",
                "destination_address_prefixes": [],
                "destination_application_security_group_ids": [],
                "destination_port_range": "5985",
                "destination_port_ranges": [],
                "direction": "Inbound",
                "name": "rule2",
                "priority": 200,
                "protocol": "Tcp",
                "source_address_prefix": "*",
                "source_address_prefixes": [],
                "source_application_security_group_ids": [],
                "source_port_range": "*",
                "source_port_ranges": []
              }
            ],
            "tags": null,
            "timeouts": null
          },
          "sensitive_attributes": [],
          "private": "eyJlMmJmYjczMC1lY2FhLTExZTYtOGY4OC0zNDM2M2JjN2M0YzAiOnsiY3JlYXRlIjoxODAwMDAwMDAwMDAwLCJkZWxldGUiOjE4MDAwMDAwMDAwMDAsInJlYWQiOjMwMDAwMDAwMDAwMCwidXBkYXRlIjoxODAwMDAwMDAwMDAwfX0=",
          "dependencies": [
            "azurerm_resource_group.network-rg"
          ]
        }
      ]
    },
    {
      "mode": "managed",
      "type": "azurerm_public_ip",
      "name": "linux-pip",
      "provider": "provider[\"registry.terraform.io/hashicorp/azurerm\"]",
      "instances": [
        {
          "index_key": 0,
          "schema_version": 0,
          "attributes": {
            "allocation_method": "Dynamic",
            "ddos_protection_mode": "VirtualNetworkInherited",
            "ddos_protection_plan_id": null,
            "domain_name_label": "n01605052-u-vm1-pip-1",
            "edge_zone": "",
            "fqdn": "n01605052-u-vm1-pip-1.canadacentral.cloudapp.azure.com",
            "id": "/subscriptions/cbb7d814-5676-40c4-9a70-ef502683805b/resourceGroups/network-rg/providers/Microsoft.Network/publicIPAddresses/n01605052-u-vm1-pip-1",
            "idle_timeout_in_minutes": 4,
            "ip_address": "",
            "ip_tags": null,
            "ip_version": "IPv4",
            "location": "canadacentral",
            "name": "n01605052-u-vm1-pip-1",
            "public_ip_prefix_id": null,
            "resource_group_name": "network-rg",
            "reverse_fqdn": "",
            "sku": "Basic",
            "sku_tier": "Regional",
            "tags": {
              "ContactEmail": "n01605052@humber.ca",
              "Environment": "Lab",
              "Name": "Terraform-Class",
              "Project": "Learning"
            },
            "timeouts": null,
            "zones": null
          },
          "sensitive_attributes": [],
          "private": "eyJlMmJmYjczMC1lY2FhLTExZTYtOGY4OC0zNDM2M2JjN2M0YzAiOnsiY3JlYXRlIjoxODAwMDAwMDAwMDAwLCJkZWxldGUiOjE4MDAwMDAwMDAwMDAsInJlYWQiOjMwMDAwMDAwMDAwMCwidXBkYXRlIjoxODAwMDAwMDAwMDAwfX0=",
          "dependencies": [
            "azurerm_resource_group.network-rg"
          ]
        },
        {
          "index_key": 1,
          "schema_version": 0,
          "attributes": {
            "allocation_method": "Dynamic",
            "ddos_protection_mode": "VirtualNetworkInherited",
            "ddos_protection_plan_id": null,
            "domain_name_label": "n01605052-u-vm1-pip-2",
            "edge_zone": "",
            "fqdn": "n01605052-u-vm1-pip-2.canadacentral.cloudapp.azure.com",
            "id": "/subscriptions/cbb7d814-5676-40c4-9a70-ef502683805b/resourceGroups/network-rg/providers/Microsoft.Network/publicIPAddresses/n01605052-u-vm1-pip-2",
            "idle_timeout_in_minutes": 4,
            "ip_address": "",
            "ip_tags": null,
            "ip_version": "IPv4",
            "location": "canadacentral",
            "name": "n01605052-u-vm1-pip-2",
            "public_ip_prefix_id": null,
            "resource_group_name": "network-rg",
            "reverse_fqdn": "",
            "sku": "Basic",
            "sku_tier": "Regional",
            "tags": {
              "ContactEmail": "n01605052@humber.ca",
              "Environment": "Lab",
              "Name": "Terraform-Class",
              "Project": "Learning"
            },
            "timeouts": null,
            "zones": null
          },
          "sensitive_attributes": [],
          "private": "eyJlMmJmYjczMC1lY2FhLTExZTYtOGY4OC0zNDM2M2JjN2M0YzAiOnsiY3JlYXRlIjoxODAwMDAwMDAwMDAwLCJkZWxldGUiOjE4MDAwMDAwMDAwMDAsInJlYWQiOjMwMDAwMDAwMDAwMCwidXBkYXRlIjoxODAwMDAwMDAwMDAwfX0=",
          "dependencies": [
            "azurerm_resource_group.network-rg"
          ]
        }
      ]
    },
    {
      "mode": "managed",
      "type": "azurerm_resource_group",
      "name": "network-rg",
      "provider": "provider[\"registry.terraform.io/hashicorp/azurerm\"]",
      "instances": [
        {
          "schema_version": 0,
          "attributes": {
            "id": "/subscriptions/cbb7d814-5676-40c4-9a70-ef502683805b/resourceGroups/network-rg",
            "location": "canadacentral",
            "managed_by": "",
            "name": "network-rg",
            "tags": null,
            "timeouts": null
          },
          "sensitive_attributes": [],
          "private": "eyJlMmJmYjczMC1lY2FhLTExZTYtOGY4OC0zNDM2M2JjN2M0YzAiOnsiY3JlYXRlIjo1NDAwMDAwMDAwMDAwLCJkZWxldGUiOjU0MDAwMDAwMDAwMDAsInJlYWQiOjMwMDAwMDAwMDAwMCwidXBkYXRlIjo1NDAwMDAwMDAwMDAwfX0="
        }
      ]
    },
    {
      "mode": "managed",
      "type": "azurerm_subnet",
      "name": "network-subnet1",
      "provider": "provider[\"registry.terraform.io/hashicorp/azurerm\"]",
      "instances": [
        {
          "schema_version": 0,
          "attributes": {
            "address_prefixes": [
              "10.0.0.0/24"
            ],
            "delegation": [],
            "enforce_private_link_endpoint_network_policies": false,
            "enforce_private_link_service_network_policies": false,
            "id": "/subscriptions/cbb7d814-5676-40c4-9a70-ef502683805b/resourceGroups/network-rg/providers/Microsoft.Network/virtualNetworks/network-vnet/subnets/network_subnet1",
            "name": "network_subnet1",
            "private_endpoint_network_policies_enabled": true,
            "private_link_service_network_policies_enabled": true,
            "resource_group_name": "network-rg",
            "service_endpoint_policy_ids": null,
            "service_endpoints": null,
            "timeouts": null,
            "virtual_network_name": "network-vnet"
          },
          "sensitive_attributes": [],
          "private": "eyJlMmJmYjczMC1lY2FhLTExZTYtOGY4OC0zNDM2M2JjN2M0YzAiOnsiY3JlYXRlIjoxODAwMDAwMDAwMDAwLCJkZWxldGUiOjE4MDAwMDAwMDAwMDAsInJlYWQiOjMwMDAwMDAwMDAwMCwidXBkYXRlIjoxODAwMDAwMDAwMDAwfX0=",
          "dependencies": [
            "azurerm_resource_group.network-rg",
            "azurerm_virtual_network.network-vnet"
          ]
        }
      ]
    },
    {
      "mode": "managed",
      "type": "azurerm_subnet",
      "name": "network-subnet2",
      "provider": "provider[\"registry.terraform.io/hashicorp/azurerm\"]",
      "instances": [
        {
          "schema_version": 0,
          "attributes": {
            "address_prefixes": [
              "10.0.1.0/24"
            ],
            "delegation": [],
            "enforce_private_link_endpoint_network_policies": false,
            "enforce_private_link_service_network_policies": false,
            "id": "/subscriptions/cbb7d814-5676-40c4-9a70-ef502683805b/resourceGroups/network-rg/providers/Microsoft.Network/virtualNetworks/network-vnet/subnets/network_subnet2",
            "name": "network_subnet2",
            "private_endpoint_network_policies_enabled": true,
            "private_link_service_network_policies_enabled": true,
            "resource_group_name": "network-rg",
            "service_endpoint_policy_ids": null,
            "service_endpoints": null,
            "timeouts": null,
            "virtual_network_name": "network-vnet"
          },
          "sensitive_attributes": [],
          "private": "eyJlMmJmYjczMC1lY2FhLTExZTYtOGY4OC0zNDM2M2JjN2M0YzAiOnsiY3JlYXRlIjoxODAwMDAwMDAwMDAwLCJkZWxldGUiOjE4MDAwMDAwMDAwMDAsInJlYWQiOjMwMDAwMDAwMDAwMCwidXBkYXRlIjoxODAwMDAwMDAwMDAwfX0=",
          "dependencies": [
            "azurerm_resource_group.network-rg",
            "azurerm_virtual_network.network-vnet"
          ]
        }
      ]
    },
    {
      "mode": "managed",
      "type": "azurerm_subnet_network_security_group_association",
      "name": "nsga1",
      "provider": "provider[\"registry.terraform.io/hashicorp/azurerm\"]",
      "instances": [
        {
          "schema_version": 0,
          "attributes": {
            "id": "/subscriptions/cbb7d814-5676-40c4-9a70-ef502683805b/resourceGroups/network-rg/providers/Microsoft.Network/virtualNetworks/network-vnet/subnets/network_subnet1",
            "network_security_group_id": "/subscriptions/cbb7d814-5676-40c4-9a70-ef502683805b/resourceGroups/network-rg/providers/Microsoft.Network/networkSecurityGroups/network-nsg1",
            "subnet_id": "/subscriptions/cbb7d814-5676-40c4-9a70-ef502683805b/resourceGroups/network-rg/providers/Microsoft.Network/virtualNetworks/network-vnet/subnets/network_subnet1",
            "timeouts": null
          },
          "sensitive_attributes": [],
          "private": "eyJlMmJmYjczMC1lY2FhLTExZTYtOGY4OC0zNDM2M2JjN2M0YzAiOnsiY3JlYXRlIjoxODAwMDAwMDAwMDAwLCJkZWxldGUiOjE4MDAwMDAwMDAwMDAsInJlYWQiOjMwMDAwMDAwMDAwMH19",
          "dependencies": [
            "azurerm_network_security_group.network-nsg1",
            "azurerm_resource_group.network-rg",
            "azurerm_subnet.network-subnet1",
            "azurerm_virtual_network.network-vnet"
          ]
        }
      ]
    },
    {
      "mode": "managed",
      "type": "azurerm_subnet_network_security_group_association",
      "name": "nsga2",
      "provider": "provider[\"registry.terraform.io/hashicorp/azurerm\"]",
      "instances": [
        {
          "schema_version": 0,
          "attributes": {
            "id": "/subscriptions/cbb7d814-5676-40c4-9a70-ef502683805b/resourceGroups/network-rg/providers/Microsoft.Network/virtualNetworks/network-vnet/subnets/network_subnet2",
            "network_security_group_id": "/subscriptions/cbb7d814-5676-40c4-9a70-ef502683805b/resourceGroups/network-rg/providers/Microsoft.Network/networkSecurityGroups/network-nsg2",
            "subnet_id": "/subscriptions/cbb7d814-5676-40c4-9a70-ef502683805b/resourceGroups/network-rg/providers/Microsoft.Network/virtualNetworks/network-vnet/subnets/network_subnet2",
            "timeouts": null
          },
          "sensitive_attributes": [],
          "private": "eyJlMmJmYjczMC1lY2FhLTExZTYtOGY4OC0zNDM2M2JjN2M0YzAiOnsiY3JlYXRlIjoxODAwMDAwMDAwMDAwLCJkZWxldGUiOjE4MDAwMDAwMDAwMDAsInJlYWQiOjMwMDAwMDAwMDAwMH19",
          "dependencies": [
            "azurerm_network_security_group.network-nsg2",
            "azurerm_resource_group.network-rg",
            "azurerm_subnet.network-subnet2",
            "azurerm_virtual_network.network-vnet"
          ]
        }
      ]
    },
    {
      "mode": "managed",
      "type": "azurerm_virtual_network",
      "name": "network-vnet",
      "provider": "provider[\"registry.terraform.io/hashicorp/azurerm\"]",
      "instances": [
        {
          "schema_version": 0,
          "attributes": {
            "address_space": [
              "10.0.0.0/16"
            ],
            "bgp_community": "",
            "ddos_protection_plan": [],
            "dns_servers": [],
            "edge_zone": "",
            "encryption": [],
            "flow_timeout_in_minutes": 0,
            "guid": "08d4b35e-271f-4833-9b3c-27ffae602859",
            "id": "/subscriptions/cbb7d814-5676-40c4-9a70-ef502683805b/resourceGroups/network-rg/providers/Microsoft.Network/virtualNetworks/network-vnet",
            "location": "canadacentral",
            "name": "network-vnet",
            "resource_group_name": "network-rg",
            "subnet": [],
            "tags": null,
            "timeouts": null
          },
          "sensitive_attributes": [],
          "private": "eyJlMmJmYjczMC1lY2FhLTExZTYtOGY4OC0zNDM2M2JjN2M0YzAiOnsiY3JlYXRlIjoxODAwMDAwMDAwMDAwLCJkZWxldGUiOjE4MDAwMDAwMDAwMDAsInJlYWQiOjMwMDAwMDAwMDAwMCwidXBkYXRlIjoxODAwMDAwMDAwMDAwfX0=",
          "dependencies": [
            "azurerm_resource_group.network-rg"
          ]
        }
      ]
    }
  ],
  "check_results": null
}
