{
  "version": 4,
  "terraform_version": "1.7.1",
  "serial": 102,
  "lineage": "3124e4bf-ebcf-d043-8bda-471238e67325",
  "outputs": {
    "linux_avaliability_set_name": {
      "value": "n01605052-l-avs",
      "type": "string"
    },
    "linux_vm_fqdns": {
      "value": [
        "n01605052-l-1.canadacentral.cloudapp.azure.com",
        "n01605052-l-2.canadacentral.cloudapp.azure.com"
      ],
      "type": [
        "tuple",
        [
          "string",
          "string"
        ]
      ]
    },
    "linux_vm_hostname": {
      "value": [
        "n01605052-l-1",
        "n01605052-l-2"
      ],
      "type": [
        "tuple",
        [
          "string",
          "string"
        ]
      ]
    },
    "linux_vm_private_ips": {
      "value": [
        "10.0.0.4",
        "10.0.0.5"
      ],
      "type": [
        "tuple",
        [
          "string",
          "string"
        ]
      ]
    },
    "linux_vm_public_ips": {
      "value": [
        "52.233.33.220",
        "52.233.33.214"
      ],
      "type": [
        "tuple",
        [
          "string",
          "string"
        ]
      ]
    },
    "network_name": {
      "value": "lab-vnet, namespace: 10.0.0.0/16",
      "type": "string"
    },
    "resource_group_names": {
      "value": "lab-linux lab-windows lab-network",
      "type": "string"
    },
    "security_groups": {
      "value": "lab-network-security-group-ssh, lab-network-security-group-rdp",
      "type": "string"
    },
    "subnets": {
      "value": "lab-network-subnet-1, namespace: 10.0.0.0/24 lab-network-subnet-2, namespace: 10.0.1.0/24",
      "type": "string"
    },
    "windows_avaliability_set_name": {
      "value": "n01605052-w-avs",
      "type": "string"
    },
    "windows_vm_fqdns": {
      "value": [
        "n01605052-w-1.canadacentral.cloudapp.azure.com",
        "n01605052-w-2.canadacentral.cloudapp.azure.com"
      ],
      "type": [
        "tuple",
        [
          "string",
          "string"
        ]
      ]
    },
    "windows_vm_hostname": {
      "value": [
        "n01605052-w-1",
        "n01605052-w-2"
      ],
      "type": [
        "tuple",
        [
          "string",
          "string"
        ]
      ]
    },
    "windows_vm_private_ips": {
      "value": [
        "10.0.1.4",
        "10.0.1.5"
      ],
      "type": [
        "tuple",
        [
          "string",
          "string"
        ]
      ]
    },
    "windows_vm_public_ips": {
      "value": [
        "52.237.36.122",
        "52.233.46.103"
      ],
      "type": [
        "tuple",
        [
          "string",
          "string"
        ]
      ]
    }
  },
  "resources": [
    {
      "module": "module.linux_vm",
      "mode": "managed",
      "type": "azurerm_availability_set",
      "name": "linux_avs",
      "provider": "provider[\"registry.terraform.io/hashicorp/azurerm\"]",
      "instances": [
        {
          "schema_version": 0,
          "attributes": {
            "id": "/subscriptions/cbb7d814-5676-40c4-9a70-ef502683805b/resourceGroups/lab-linux/providers/Microsoft.Compute/availabilitySets/n01605052-l-avs",
            "location": "canadacentral",
            "managed": true,
            "name": "n01605052-l-avs",
            "platform_fault_domain_count": 2,
            "platform_update_domain_count": 5,
            "proximity_placement_group_id": null,
            "resource_group_name": "lab-linux",
            "tags": {},
            "timeouts": null
          },
          "sensitive_attributes": [],
          "private": "eyJlMmJmYjczMC1lY2FhLTExZTYtOGY4OC0zNDM2M2JjN2M0YzAiOnsiY3JlYXRlIjoxODAwMDAwMDAwMDAwLCJkZWxldGUiOjE4MDAwMDAwMDAwMDAsInJlYWQiOjMwMDAwMDAwMDAwMCwidXBkYXRlIjoxODAwMDAwMDAwMDAwfX0=",
          "dependencies": [
            "module.resource_group.azurerm_resource_group.linux-rg"
          ]
        }
      ]
    },
    {
      "module": "module.linux_vm",
      "mode": "managed",
      "type": "azurerm_linux_virtual_machine",
      "name": "vm-linux",
      "provider": "provider[\"registry.terraform.io/hashicorp/azurerm\"]",
      "instances": [
        {
          "index_key": 0,
          "schema_version": 0,
          "attributes": {
            "additional_capabilities": [],
            "admin_password": null,
            "admin_ssh_key": [
              {
                "public_key": "ssh-rsa AAAAB3NzaC1yc2EAAAADAQABAAABgQCvWLCcfUGYY/JJX2dXcTyO1gBE8v3k2Nce5BfOVbgpZJGzuyGHlZThnr4OtLu8AwDzi2dMdCwktu27m//o+9/LsQjoKf5d5wNHeG9aVUDWo1K2nJwhWmQHMfA7VrT4gH2jR2KKG3v8DHLetWnhznk/4I8mY2hgOmYiaJl+rASnNzXLJ+9raYkd/LbfJNGzVl+/rQbtbrm4/URgnML3htM5CbSufB6Cbp3ymMPwpxOh80T6ToOvqqxJAkoswufRiDGdPYNUgYqZyDzIO2B8w7meuN6Be88ULM6cme66q+8N+blfUc8YNi0nYrfhP0FTShG8k3c74DISjBR5PLCI0QkWAVRRAed8GpVBpXC5900K3UJ0LH0tf/62J1j0cOEyYowbPt5trUvdy0TPMnZNkEp4iORqiyXj8vKC2Ac1kpVC3PV2XzPj094pYxx3bSWU5WWZvJz89IreoM2+2NCdt90c033Q9PZna2dqxPEAIxJIypAJzAGOUi+uBa6DAsUVm+U= kaushal@MRCOOL\n",
                "username": "kaushal"
              }
            ],
            "admin_username": "kaushal",
            "allow_extension_operations": true,
            "availability_set_id": "/subscriptions/cbb7d814-5676-40c4-9a70-ef502683805b/resourceGroups/lab-linux/providers/Microsoft.Compute/availabilitySets/N01605052-L-AVS",
            "boot_diagnostics": [],
            "computer_name": "n01605052-l-1",
            "custom_data": null,
            "dedicated_host_group_id": "",
            "dedicated_host_id": "",
            "disable_password_authentication": true,
            "edge_zone": "",
            "encryption_at_host_enabled": false,
            "eviction_policy": "",
            "extensions_time_budget": "PT1H30M",
            "id": "/subscriptions/cbb7d814-5676-40c4-9a70-ef502683805b/resourceGroups/lab-linux/providers/Microsoft.Compute/virtualMachines/n01605052-l-1",
            "identity": [],
            "license_type": "",
            "location": "canadacentral",
            "max_bid_price": -1,
            "name": "n01605052-l-1",
            "network_interface_ids": [
              "/subscriptions/cbb7d814-5676-40c4-9a70-ef502683805b/resourceGroups/lab-linux/providers/Microsoft.Network/networkInterfaces/lab-network-nic-n01605052-l-1"
            ],
            "os_disk": [
              {
                "caching": "ReadWrite",
                "diff_disk_settings": [],
                "disk_encryption_set_id": "",
                "disk_size_gb": 32,
                "name": "n01605052-l-osdisk-1",
                "storage_account_type": "Premium_LRS",
                "write_accelerator_enabled": false
              }
            ],
            "patch_mode": "ImageDefault",
            "plan": [],
            "platform_fault_domain": -1,
            "priority": "Regular",
            "private_ip_address": "10.0.0.4",
            "private_ip_addresses": [
              "10.0.0.4"
            ],
            "provision_vm_agent": true,
            "proximity_placement_group_id": "",
            "public_ip_address": "52.233.33.220",
            "public_ip_addresses": [
              "52.233.33.220"
            ],
            "resource_group_name": "lab-linux",
            "secret": [],
            "secure_boot_enabled": false,
            "size": "Standard_B1s",
            "source_image_id": "",
            "source_image_reference": [
              {
                "offer": "UbuntuServer",
                "publisher": "Canonical",
                "sku": "19.04",
                "version": "latest"
              }
            ],
            "tags": {
              "ContactEmail": "n01605052@humber.ca",
              "Environment": "Lab",
              "Name": "Terrafom-Class",
              "Project": "Learning"
            },
            "termination_notification": [],
            "timeouts": null,
            "user_data": "",
            "virtual_machine_id": "fd380f5c-66ab-466a-82c1-bef2af3095af",
            "virtual_machine_scale_set_id": "",
            "vtpm_enabled": false,
            "zone": ""
          },
          "sensitive_attributes": [],
          "private": "eyJlMmJmYjczMC1lY2FhLTExZTYtOGY4OC0zNDM2M2JjN2M0YzAiOnsiY3JlYXRlIjoyNzAwMDAwMDAwMDAwLCJkZWxldGUiOjI3MDAwMDAwMDAwMDAsInJlYWQiOjMwMDAwMDAwMDAwMCwidXBkYXRlIjoyNzAwMDAwMDAwMDAwfX0=",
          "dependencies": [
            "module.linux_vm.azurerm_availability_set.linux_avs",
            "module.linux_vm.azurerm_network_interface.linux-nic",
            "module.linux_vm.azurerm_public_ip.linux-ip",
            "module.network.azurerm_subnet.network-subnet1",
            "module.network.azurerm_virtual_network.network-vnet",
            "module.resource_group.azurerm_resource_group.linux-rg",
            "module.resource_group.azurerm_resource_group.network-rg"
          ]
        },
        {
          "index_key": 1,
          "schema_version": 0,
          "attributes": {
            "additional_capabilities": [],
            "admin_password": null,
            "admin_ssh_key": [
              {
                "public_key": "ssh-rsa AAAAB3NzaC1yc2EAAAADAQABAAABgQCvWLCcfUGYY/JJX2dXcTyO1gBE8v3k2Nce5BfOVbgpZJGzuyGHlZThnr4OtLu8AwDzi2dMdCwktu27m//o+9/LsQjoKf5d5wNHeG9aVUDWo1K2nJwhWmQHMfA7VrT4gH2jR2KKG3v8DHLetWnhznk/4I8mY2hgOmYiaJl+rASnNzXLJ+9raYkd/LbfJNGzVl+/rQbtbrm4/URgnML3htM5CbSufB6Cbp3ymMPwpxOh80T6ToOvqqxJAkoswufRiDGdPYNUgYqZyDzIO2B8w7meuN6Be88ULM6cme66q+8N+blfUc8YNi0nYrfhP0FTShG8k3c74DISjBR5PLCI0QkWAVRRAed8GpVBpXC5900K3UJ0LH0tf/62J1j0cOEyYowbPt5trUvdy0TPMnZNkEp4iORqiyXj8vKC2Ac1kpVC3PV2XzPj094pYxx3bSWU5WWZvJz89IreoM2+2NCdt90c033Q9PZna2dqxPEAIxJIypAJzAGOUi+uBa6DAsUVm+U= kaushal@MRCOOL\n",
                "username": "kaushal"
              }
            ],
            "admin_username": "kaushal",
            "allow_extension_operations": true,
            "availability_set_id": "/subscriptions/cbb7d814-5676-40c4-9a70-ef502683805b/resourceGroups/lab-linux/providers/Microsoft.Compute/availabilitySets/N01605052-L-AVS",
            "boot_diagnostics": [],
            "computer_name": "n01605052-l-2",
            "custom_data": null,
            "dedicated_host_group_id": "",
            "dedicated_host_id": "",
            "disable_password_authentication": true,
            "edge_zone": "",
            "encryption_at_host_enabled": false,
            "eviction_policy": "",
            "extensions_time_budget": "PT1H30M",
            "id": "/subscriptions/cbb7d814-5676-40c4-9a70-ef502683805b/resourceGroups/lab-linux/providers/Microsoft.Compute/virtualMachines/n01605052-l-2",
            "identity": [],
            "license_type": "",
            "location": "canadacentral",
            "max_bid_price": -1,
            "name": "n01605052-l-2",
            "network_interface_ids": [
              "/subscriptions/cbb7d814-5676-40c4-9a70-ef502683805b/resourceGroups/lab-linux/providers/Microsoft.Network/networkInterfaces/lab-network-nic-n01605052-l-2"
            ],
            "os_disk": [
              {
                "caching": "ReadWrite",
                "diff_disk_settings": [],
                "disk_encryption_set_id": "",
                "disk_size_gb": 32,
                "name": "n01605052-l-osdisk-2",
                "storage_account_type": "Premium_LRS",
                "write_accelerator_enabled": false
              }
            ],
            "patch_mode": "ImageDefault",
            "plan": [],
            "platform_fault_domain": -1,
            "priority": "Regular",
            "private_ip_address": "10.0.0.5",
            "private_ip_addresses": [
              "10.0.0.5"
            ],
            "provision_vm_agent": true,
            "proximity_placement_group_id": "",
            "public_ip_address": "52.233.33.214",
            "public_ip_addresses": [
              "52.233.33.214"
            ],
            "resource_group_name": "lab-linux",
            "secret": [],
            "secure_boot_enabled": false,
            "size": "Standard_B1s",
            "source_image_id": "",
            "source_image_reference": [
              {
                "offer": "UbuntuServer",
                "publisher": "Canonical",
                "sku": "19.04",
                "version": "latest"
              }
            ],
            "tags": {
              "ContactEmail": "n01605052@humber.ca",
              "Environment": "Lab",
              "Name": "Terrafom-Class",
              "Project": "Learning"
            },
            "termination_notification": [],
            "timeouts": null,
            "user_data": "",
            "virtual_machine_id": "46c0c7fe-3226-4d19-99c0-5bb939914954",
            "virtual_machine_scale_set_id": "",
            "vtpm_enabled": false,
            "zone": ""
          },
          "sensitive_attributes": [],
          "private": "eyJlMmJmYjczMC1lY2FhLTExZTYtOGY4OC0zNDM2M2JjN2M0YzAiOnsiY3JlYXRlIjoyNzAwMDAwMDAwMDAwLCJkZWxldGUiOjI3MDAwMDAwMDAwMDAsInJlYWQiOjMwMDAwMDAwMDAwMCwidXBkYXRlIjoyNzAwMDAwMDAwMDAwfX0=",
          "dependencies": [
            "module.linux_vm.azurerm_availability_set.linux_avs",
            "module.linux_vm.azurerm_network_interface.linux-nic",
            "module.linux_vm.azurerm_public_ip.linux-ip",
            "module.network.azurerm_subnet.network-subnet1",
            "module.network.azurerm_virtual_network.network-vnet",
            "module.resource_group.azurerm_resource_group.linux-rg",
            "module.resource_group.azurerm_resource_group.network-rg"
          ]
        }
      ]
    },
    {
      "module": "module.linux_vm",
      "mode": "managed",
      "type": "azurerm_network_interface",
      "name": "linux-nic",
      "provider": "provider[\"registry.terraform.io/hashicorp/azurerm\"]",
      "instances": [
        {
          "index_key": 0,
          "schema_version": 0,
          "attributes": {
            "applied_dns_servers": [],
            "dns_servers": [],
            "edge_zone": "",
            "enable_accelerated_networking": false,
            "enable_ip_forwarding": false,
            "id": "/subscriptions/cbb7d814-5676-40c4-9a70-ef502683805b/resourceGroups/lab-linux/providers/Microsoft.Network/networkInterfaces/lab-network-nic-n01605052-l-1",
            "internal_dns_name_label": "",
            "internal_domain_name_suffix": "oy1jsltauyqerdfuap4z5esfjd.ux.internal.cloudapp.net",
            "ip_configuration": [
              {
                "gateway_load_balancer_frontend_ip_configuration_id": "",
                "name": "n01605052-l-ipconfig-1",
                "primary": true,
                "private_ip_address": "10.0.0.4",
                "private_ip_address_allocation": "Dynamic",
                "private_ip_address_version": "IPv4",
                "public_ip_address_id": "/subscriptions/cbb7d814-5676-40c4-9a70-ef502683805b/resourceGroups/lab-linux/providers/Microsoft.Network/publicIPAddresses/n01605052-l-1-pip",
                "subnet_id": "/subscriptions/cbb7d814-5676-40c4-9a70-ef502683805b/resourceGroups/lab-network/providers/Microsoft.Network/virtualNetworks/lab-vnet/subnets/lab-network-subnet-1"
              }
            ],
            "location": "canadacentral",
            "mac_address": "00-22-48-AE-59-02",
            "name": "lab-network-nic-n01605052-l-1",
            "private_ip_address": "10.0.0.4",
            "private_ip_addresses": [
              "10.0.0.4"
            ],
            "resource_group_name": "lab-linux",
            "tags": {
              "ContactEmail": "n01605052@humber.ca",
              "Environment": "Lab",
              "Name": "Terrafom-Class",
              "Project": "Learning"
            },
            "timeouts": null,
            "virtual_machine_id": "/subscriptions/cbb7d814-5676-40c4-9a70-ef502683805b/resourceGroups/lab-linux/providers/Microsoft.Compute/virtualMachines/n01605052-l-1"
          },
          "sensitive_attributes": [],
          "private": "eyJlMmJmYjczMC1lY2FhLTExZTYtOGY4OC0zNDM2M2JjN2M0YzAiOnsiY3JlYXRlIjoxODAwMDAwMDAwMDAwLCJkZWxldGUiOjE4MDAwMDAwMDAwMDAsInJlYWQiOjMwMDAwMDAwMDAwMCwidXBkYXRlIjoxODAwMDAwMDAwMDAwfX0=",
          "dependencies": [
            "module.linux_vm.azurerm_public_ip.linux-ip",
            "module.network.azurerm_subnet.network-subnet1",
            "module.network.azurerm_virtual_network.network-vnet",
            "module.resource_group.azurerm_resource_group.linux-rg",
            "module.resource_group.azurerm_resource_group.network-rg"
          ]
        },
        {
          "index_key": 1,
          "schema_version": 0,
          "attributes": {
            "applied_dns_servers": [],
            "dns_servers": [],
            "edge_zone": "",
            "enable_accelerated_networking": false,
            "enable_ip_forwarding": false,
            "id": "/subscriptions/cbb7d814-5676-40c4-9a70-ef502683805b/resourceGroups/lab-linux/providers/Microsoft.Network/networkInterfaces/lab-network-nic-n01605052-l-2",
            "internal_dns_name_label": "",
            "internal_domain_name_suffix": "oy1jsltauyqerdfuap4z5esfjd.ux.internal.cloudapp.net",
            "ip_configuration": [
              {
                "gateway_load_balancer_frontend_ip_configuration_id": "",
                "name": "n01605052-l-ipconfig-2",
                "primary": true,
                "private_ip_address": "10.0.0.5",
                "private_ip_address_allocation": "Dynamic",
                "private_ip_address_version": "IPv4",
                "public_ip_address_id": "/subscriptions/cbb7d814-5676-40c4-9a70-ef502683805b/resourceGroups/lab-linux/providers/Microsoft.Network/publicIPAddresses/n01605052-l-2-pip",
                "subnet_id": "/subscriptions/cbb7d814-5676-40c4-9a70-ef502683805b/resourceGroups/lab-network/providers/Microsoft.Network/virtualNetworks/lab-vnet/subnets/lab-network-subnet-1"
              }
            ],
            "location": "canadacentral",
            "mac_address": "00-22-48-AE-50-21",
            "name": "lab-network-nic-n01605052-l-2",
            "private_ip_address": "10.0.0.5",
            "private_ip_addresses": [
              "10.0.0.5"
            ],
            "resource_group_name": "lab-linux",
            "tags": {
              "ContactEmail": "n01605052@humber.ca",
              "Environment": "Lab",
              "Name": "Terrafom-Class",
              "Project": "Learning"
            },
            "timeouts": null,
            "virtual_machine_id": "/subscriptions/cbb7d814-5676-40c4-9a70-ef502683805b/resourceGroups/lab-linux/providers/Microsoft.Compute/virtualMachines/n01605052-l-2"
          },
          "sensitive_attributes": [],
          "private": "eyJlMmJmYjczMC1lY2FhLTExZTYtOGY4OC0zNDM2M2JjN2M0YzAiOnsiY3JlYXRlIjoxODAwMDAwMDAwMDAwLCJkZWxldGUiOjE4MDAwMDAwMDAwMDAsInJlYWQiOjMwMDAwMDAwMDAwMCwidXBkYXRlIjoxODAwMDAwMDAwMDAwfX0=",
          "dependencies": [
            "module.linux_vm.azurerm_public_ip.linux-ip",
            "module.network.azurerm_subnet.network-subnet1",
            "module.network.azurerm_virtual_network.network-vnet",
            "module.resource_group.azurerm_resource_group.linux-rg",
            "module.resource_group.azurerm_resource_group.network-rg"
          ]
        }
      ]
    },
    {
      "module": "module.linux_vm",
      "mode": "managed",
      "type": "azurerm_public_ip",
      "name": "linux-ip",
      "provider": "provider[\"registry.terraform.io/hashicorp/azurerm\"]",
      "instances": [
        {
          "index_key": 0,
          "schema_version": 0,
          "attributes": {
            "allocation_method": "Dynamic",
            "domain_name_label": "n01605052-l-1",
            "edge_zone": "",
            "fqdn": "n01605052-l-1.canadacentral.cloudapp.azure.com",
            "id": "/subscriptions/cbb7d814-5676-40c4-9a70-ef502683805b/resourceGroups/lab-linux/providers/Microsoft.Network/publicIPAddresses/n01605052-l-1-pip",
            "idle_timeout_in_minutes": 4,
            "ip_address": "52.233.33.220",
            "ip_tags": {},
            "ip_version": "IPv4",
            "location": "canadacentral",
            "name": "n01605052-l-1-pip",
            "public_ip_prefix_id": null,
            "resource_group_name": "lab-linux",
            "reverse_fqdn": "",
            "sku": "Basic",
            "sku_tier": "Regional",
            "tags": {
              "ContactEmail": "n01605052@humber.ca",
              "Environment": "Lab",
              "Name": "Terrafom-Class",
              "Project": "Learning"
            },
            "timeouts": null,
            "zones": []
          },
          "sensitive_attributes": [],
          "private": "eyJlMmJmYjczMC1lY2FhLTExZTYtOGY4OC0zNDM2M2JjN2M0YzAiOnsiY3JlYXRlIjoxODAwMDAwMDAwMDAwLCJkZWxldGUiOjE4MDAwMDAwMDAwMDAsInJlYWQiOjMwMDAwMDAwMDAwMCwidXBkYXRlIjoxODAwMDAwMDAwMDAwfX0=",
          "dependencies": [
            "module.resource_group.azurerm_resource_group.linux-rg"
          ]
        },
        {
          "index_key": 1,
          "schema_version": 0,
          "attributes": {
            "allocation_method": "Dynamic",
            "domain_name_label": "n01605052-l-2",
            "edge_zone": "",
            "fqdn": "n01605052-l-2.canadacentral.cloudapp.azure.com",
            "id": "/subscriptions/cbb7d814-5676-40c4-9a70-ef502683805b/resourceGroups/lab-linux/providers/Microsoft.Network/publicIPAddresses/n01605052-l-2-pip",
            "idle_timeout_in_minutes": 4,
            "ip_address": "52.233.33.214",
            "ip_tags": {},
            "ip_version": "IPv4",
            "location": "canadacentral",
            "name": "n01605052-l-2-pip",
            "public_ip_prefix_id": null,
            "resource_group_name": "lab-linux",
            "reverse_fqdn": "",
            "sku": "Basic",
            "sku_tier": "Regional",
            "tags": {
              "ContactEmail": "n01605052@humber.ca",
              "Environment": "Lab",
              "Name": "Terrafom-Class",
              "Project": "Learning"
            },
            "timeouts": null,
            "zones": []
          },
          "sensitive_attributes": [],
          "private": "eyJlMmJmYjczMC1lY2FhLTExZTYtOGY4OC0zNDM2M2JjN2M0YzAiOnsiY3JlYXRlIjoxODAwMDAwMDAwMDAwLCJkZWxldGUiOjE4MDAwMDAwMDAwMDAsInJlYWQiOjMwMDAwMDAwMDAwMCwidXBkYXRlIjoxODAwMDAwMDAwMDAwfX0=",
          "dependencies": [
            "module.resource_group.azurerm_resource_group.linux-rg"
          ]
        }
      ]
    },
    {
      "module": "module.linux_vm",
      "mode": "managed",
      "type": "null_resource",
      "name": "display_hostnames",
      "provider": "provider[\"registry.terraform.io/hashicorp/null\"]",
      "instances": [
        {
          "index_key": 0,
          "schema_version": 0,
          "attributes": {
            "id": "8081330451126699411",
            "triggers": null
          },
          "sensitive_attributes": [],
          "dependencies": [
            "module.linux_vm.azurerm_availability_set.linux_avs",
            "module.linux_vm.azurerm_linux_virtual_machine.vm-linux",
            "module.linux_vm.azurerm_network_interface.linux-nic",
            "module.linux_vm.azurerm_public_ip.linux-ip",
            "module.network.azurerm_subnet.network-subnet1",
            "module.network.azurerm_virtual_network.network-vnet",
            "module.resource_group.azurerm_resource_group.linux-rg",
            "module.resource_group.azurerm_resource_group.network-rg"
          ]
        },
        {
          "index_key": 1,
          "schema_version": 0,
          "attributes": {
            "id": "813721493648256969",
            "triggers": null
          },
          "sensitive_attributes": [],
          "dependencies": [
            "module.linux_vm.azurerm_availability_set.linux_avs",
            "module.linux_vm.azurerm_linux_virtual_machine.vm-linux",
            "module.linux_vm.azurerm_network_interface.linux-nic",
            "module.linux_vm.azurerm_public_ip.linux-ip",
            "module.network.azurerm_subnet.network-subnet1",
            "module.network.azurerm_virtual_network.network-vnet",
            "module.resource_group.azurerm_resource_group.linux-rg",
            "module.resource_group.azurerm_resource_group.network-rg"
          ]
        }
      ]
    },
    {
      "module": "module.network",
      "mode": "managed",
      "type": "azurerm_network_security_group",
      "name": "network-nsg1",
      "provider": "provider[\"registry.terraform.io/hashicorp/azurerm\"]",
      "instances": [
        {
          "schema_version": 0,
          "attributes": {
            "id": "/subscriptions/cbb7d814-5676-40c4-9a70-ef502683805b/resourceGroups/lab-network/providers/Microsoft.Network/networkSecurityGroups/lab-network-security-group-ssh",
            "location": "canadacentral",
            "name": "lab-network-security-group-ssh",
            "resource_group_name": "lab-network",
            "security_rule": [
              {
                "access": "Allow",
                "description": "",
                "destination_address_prefix": "*",
                "destination_address_prefixes": [],
                "destination_application_security_group_ids": [],
                "destination_port_range": "22",
                "destination_port_ranges": [],
                "direction": "Inbound",
                "name": "rule1",
                "priority": 100,
                "protocol": "Tcp",
                "source_address_prefix": "*",
                "source_address_prefixes": [],
                "source_application_security_group_ids": [],
                "source_port_range": "*",
                "source_port_ranges": []
              }
            ],
            "tags": {},
            "timeouts": null
          },
          "sensitive_attributes": [],
          "private": "eyJlMmJmYjczMC1lY2FhLTExZTYtOGY4OC0zNDM2M2JjN2M0YzAiOnsiY3JlYXRlIjoxODAwMDAwMDAwMDAwLCJkZWxldGUiOjE4MDAwMDAwMDAwMDAsInJlYWQiOjMwMDAwMDAwMDAwMCwidXBkYXRlIjoxODAwMDAwMDAwMDAwfX0=",
          "dependencies": [
            "module.resource_group.azurerm_resource_group.network-rg"
          ]
        }
      ]
    },
    {
      "module": "module.network",
      "mode": "managed",
      "type": "azurerm_network_security_group",
      "name": "network-nsg2",
      "provider": "provider[\"registry.terraform.io/hashicorp/azurerm\"]",
      "instances": [
        {
          "schema_version": 0,
          "attributes": {
            "id": "/subscriptions/cbb7d814-5676-40c4-9a70-ef502683805b/resourceGroups/lab-network/providers/Microsoft.Network/networkSecurityGroups/lab-network-security-group-rdp",
            "location": "canadacentral",
            "name": "lab-network-security-group-rdp",
            "resource_group_name": "lab-network",
            "security_rule": [
              {
                "access": "Allow",
                "description": "",
                "destination_address_prefix": "*",
                "destination_address_prefixes": [],
                "destination_application_security_group_ids": [],
                "destination_port_range": "3389",
                "destination_port_ranges": [],
                "direction": "Inbound",
                "name": "rule2",
                "priority": 100,
                "protocol": "Tcp",
                "source_address_prefix": "*",
                "source_address_prefixes": [],
                "source_application_security_group_ids": [],
                "source_port_range": "*",
                "source_port_ranges": []
              }
            ],
            "tags": {},
            "timeouts": null
          },
          "sensitive_attributes": [],
          "private": "eyJlMmJmYjczMC1lY2FhLTExZTYtOGY4OC0zNDM2M2JjN2M0YzAiOnsiY3JlYXRlIjoxODAwMDAwMDAwMDAwLCJkZWxldGUiOjE4MDAwMDAwMDAwMDAsInJlYWQiOjMwMDAwMDAwMDAwMCwidXBkYXRlIjoxODAwMDAwMDAwMDAwfX0=",
          "dependencies": [
            "module.resource_group.azurerm_resource_group.network-rg"
          ]
        }
      ]
    },
    {
      "module": "module.network",
      "mode": "managed",
      "type": "azurerm_subnet",
      "name": "network-subnet1",
      "provider": "provider[\"registry.terraform.io/hashicorp/azurerm\"]",
      "instances": [
        {
          "schema_version": 0,
          "attributes": {
            "address_prefixes": [
              "10.0.0.0/24"
            ],
            "delegation": [],
            "enforce_private_link_endpoint_network_policies": false,
            "enforce_private_link_service_network_policies": false,
            "id": "/subscriptions/cbb7d814-5676-40c4-9a70-ef502683805b/resourceGroups/lab-network/providers/Microsoft.Network/virtualNetworks/lab-vnet/subnets/lab-network-subnet-1",
            "name": "lab-network-subnet-1",
            "resource_group_name": "lab-network",
            "service_endpoint_policy_ids": [],
            "service_endpoints": [],
            "timeouts": null,
            "virtual_network_name": "lab-vnet"
          },
          "sensitive_attributes": [],
          "private": "eyJlMmJmYjczMC1lY2FhLTExZTYtOGY4OC0zNDM2M2JjN2M0YzAiOnsiY3JlYXRlIjoxODAwMDAwMDAwMDAwLCJkZWxldGUiOjE4MDAwMDAwMDAwMDAsInJlYWQiOjMwMDAwMDAwMDAwMCwidXBkYXRlIjoxODAwMDAwMDAwMDAwfX0=",
          "dependencies": [
            "module.network.azurerm_virtual_network.network-vnet",
            "module.resource_group.azurerm_resource_group.network-rg"
          ]
        }
      ]
    },
    {
      "module": "module.network",
      "mode": "managed",
      "type": "azurerm_subnet",
      "name": "network-subnet2",
      "provider": "provider[\"registry.terraform.io/hashicorp/azurerm\"]",
      "instances": [
        {
          "schema_version": 0,
          "attributes": {
            "address_prefixes": [
              "10.0.1.0/24"
            ],
            "delegation": [],
            "enforce_private_link_endpoint_network_policies": false,
            "enforce_private_link_service_network_policies": false,
            "id": "/subscriptions/cbb7d814-5676-40c4-9a70-ef502683805b/resourceGroups/lab-network/providers/Microsoft.Network/virtualNetworks/lab-vnet/subnets/lab-network-subnet-2",
            "name": "lab-network-subnet-2",
            "resource_group_name": "lab-network",
            "service_endpoint_policy_ids": [],
            "service_endpoints": [],
            "timeouts": null,
            "virtual_network_name": "lab-vnet"
          },
          "sensitive_attributes": [],
          "private": "eyJlMmJmYjczMC1lY2FhLTExZTYtOGY4OC0zNDM2M2JjN2M0YzAiOnsiY3JlYXRlIjoxODAwMDAwMDAwMDAwLCJkZWxldGUiOjE4MDAwMDAwMDAwMDAsInJlYWQiOjMwMDAwMDAwMDAwMCwidXBkYXRlIjoxODAwMDAwMDAwMDAwfX0=",
          "dependencies": [
            "module.network.azurerm_virtual_network.network-vnet",
            "module.resource_group.azurerm_resource_group.network-rg"
          ]
        }
      ]
    },
    {
      "module": "module.network",
      "mode": "managed",
      "type": "azurerm_subnet_network_security_group_association",
      "name": "network-nsg1-association",
      "provider": "provider[\"registry.terraform.io/hashicorp/azurerm\"]",
      "instances": [
        {
          "schema_version": 0,
          "attributes": {
            "id": "/subscriptions/cbb7d814-5676-40c4-9a70-ef502683805b/resourceGroups/lab-network/providers/Microsoft.Network/virtualNetworks/lab-vnet/subnets/lab-network-subnet-1",
            "network_security_group_id": "/subscriptions/cbb7d814-5676-40c4-9a70-ef502683805b/resourceGroups/lab-network/providers/Microsoft.Network/networkSecurityGroups/lab-network-security-group-ssh",
            "subnet_id": "/subscriptions/cbb7d814-5676-40c4-9a70-ef502683805b/resourceGroups/lab-network/providers/Microsoft.Network/virtualNetworks/lab-vnet/subnets/lab-network-subnet-1",
            "timeouts": null
          },
          "sensitive_attributes": [],
          "private": "eyJlMmJmYjczMC1lY2FhLTExZTYtOGY4OC0zNDM2M2JjN2M0YzAiOnsiY3JlYXRlIjoxODAwMDAwMDAwMDAwLCJkZWxldGUiOjE4MDAwMDAwMDAwMDAsInJlYWQiOjMwMDAwMDAwMDAwMCwidXBkYXRlIjoxODAwMDAwMDAwMDAwfX0=",
          "dependencies": [
            "module.network.azurerm_network_security_group.network-nsg1",
            "module.network.azurerm_subnet.network-subnet1",
            "module.network.azurerm_virtual_network.network-vnet",
            "module.resource_group.azurerm_resource_group.network-rg"
          ]
        }
      ]
    },
    {
      "module": "module.network",
      "mode": "managed",
      "type": "azurerm_subnet_network_security_group_association",
      "name": "network-nsg2-association",
      "provider": "provider[\"registry.terraform.io/hashicorp/azurerm\"]",
      "instances": [
        {
          "schema_version": 0,
          "attributes": {
            "id": "/subscriptions/cbb7d814-5676-40c4-9a70-ef502683805b/resourceGroups/lab-network/providers/Microsoft.Network/virtualNetworks/lab-vnet/subnets/lab-network-subnet-2",
            "network_security_group_id": "/subscriptions/cbb7d814-5676-40c4-9a70-ef502683805b/resourceGroups/lab-network/providers/Microsoft.Network/networkSecurityGroups/lab-network-security-group-rdp",
            "subnet_id": "/subscriptions/cbb7d814-5676-40c4-9a70-ef502683805b/resourceGroups/lab-network/providers/Microsoft.Network/virtualNetworks/lab-vnet/subnets/lab-network-subnet-2",
            "timeouts": null
          },
          "sensitive_attributes": [],
          "private": "eyJlMmJmYjczMC1lY2FhLTExZTYtOGY4OC0zNDM2M2JjN2M0YzAiOnsiY3JlYXRlIjoxODAwMDAwMDAwMDAwLCJkZWxldGUiOjE4MDAwMDAwMDAwMDAsInJlYWQiOjMwMDAwMDAwMDAwMCwidXBkYXRlIjoxODAwMDAwMDAwMDAwfX0=",
          "dependencies": [
            "module.network.azurerm_network_security_group.network-nsg2",
            "module.network.azurerm_subnet.network-subnet2",
            "module.network.azurerm_virtual_network.network-vnet",
            "module.resource_group.azurerm_resource_group.network-rg"
          ]
        }
      ]
    },
    {
      "module": "module.network",
      "mode": "managed",
      "type": "azurerm_virtual_network",
      "name": "network-vnet",
      "provider": "provider[\"registry.terraform.io/hashicorp/azurerm\"]",
      "instances": [
        {
          "schema_version": 0,
          "attributes": {
            "address_space": [
              "10.0.0.0/16"
            ],
            "bgp_community": "",
            "ddos_protection_plan": [],
            "dns_servers": [],
            "edge_zone": "",
            "flow_timeout_in_minutes": 0,
            "guid": "2e993676-a660-4820-8cb4-03fd9f92454b",
            "id": "/subscriptions/cbb7d814-5676-40c4-9a70-ef502683805b/resourceGroups/lab-network/providers/Microsoft.Network/virtualNetworks/lab-vnet",
            "location": "canadacentral",
            "name": "lab-vnet",
            "resource_group_name": "lab-network",
            "subnet": [
              {
                "address_prefix": "10.0.0.0/24",
                "id": "/subscriptions/cbb7d814-5676-40c4-9a70-ef502683805b/resourceGroups/lab-network/providers/Microsoft.Network/virtualNetworks/lab-vnet/subnets/lab-network-subnet-1",
                "name": "lab-network-subnet-1",
                "security_group": "/subscriptions/cbb7d814-5676-40c4-9a70-ef502683805b/resourceGroups/lab-network/providers/Microsoft.Network/networkSecurityGroups/lab-network-security-group-ssh"
              },
              {
                "address_prefix": "10.0.1.0/24",
                "id": "/subscriptions/cbb7d814-5676-40c4-9a70-ef502683805b/resourceGroups/lab-network/providers/Microsoft.Network/virtualNetworks/lab-vnet/subnets/lab-network-subnet-2",
                "name": "lab-network-subnet-2",
                "security_group": "/subscriptions/cbb7d814-5676-40c4-9a70-ef502683805b/resourceGroups/lab-network/providers/Microsoft.Network/networkSecurityGroups/lab-network-security-group-rdp"
              }
            ],
            "tags": {},
            "timeouts": null
          },
          "sensitive_attributes": [],
          "private": "eyJlMmJmYjczMC1lY2FhLTExZTYtOGY4OC0zNDM2M2JjN2M0YzAiOnsiY3JlYXRlIjoxODAwMDAwMDAwMDAwLCJkZWxldGUiOjE4MDAwMDAwMDAwMDAsInJlYWQiOjMwMDAwMDAwMDAwMCwidXBkYXRlIjoxODAwMDAwMDAwMDAwfX0=",
          "dependencies": [
            "module.resource_group.azurerm_resource_group.network-rg"
          ]
        }
      ]
    },
    {
      "module": "module.resource_group",
      "mode": "managed",
      "type": "azurerm_resource_group",
      "name": "linux-rg",
      "provider": "provider[\"registry.terraform.io/hashicorp/azurerm\"]",
      "instances": [
        {
          "schema_version": 0,
          "attributes": {
            "id": "/subscriptions/cbb7d814-5676-40c4-9a70-ef502683805b/resourceGroups/lab-linux",
            "location": "canadacentral",
            "name": "lab-linux",
            "tags": {},
            "timeouts": null
          },
          "sensitive_attributes": [],
          "private": "eyJlMmJmYjczMC1lY2FhLTExZTYtOGY4OC0zNDM2M2JjN2M0YzAiOnsiY3JlYXRlIjo1NDAwMDAwMDAwMDAwLCJkZWxldGUiOjU0MDAwMDAwMDAwMDAsInJlYWQiOjMwMDAwMDAwMDAwMCwidXBkYXRlIjo1NDAwMDAwMDAwMDAwfX0="
        }
      ]
    },
    {
      "module": "module.resource_group",
      "mode": "managed",
      "type": "azurerm_resource_group",
      "name": "network-rg",
      "provider": "provider[\"registry.terraform.io/hashicorp/azurerm\"]",
      "instances": [
        {
          "schema_version": 0,
          "attributes": {
            "id": "/subscriptions/cbb7d814-5676-40c4-9a70-ef502683805b/resourceGroups/lab-network",
            "location": "canadacentral",
            "name": "lab-network",
            "tags": {},
            "timeouts": null
          },
          "sensitive_attributes": [],
          "private": "eyJlMmJmYjczMC1lY2FhLTExZTYtOGY4OC0zNDM2M2JjN2M0YzAiOnsiY3JlYXRlIjo1NDAwMDAwMDAwMDAwLCJkZWxldGUiOjU0MDAwMDAwMDAwMDAsInJlYWQiOjMwMDAwMDAwMDAwMCwidXBkYXRlIjo1NDAwMDAwMDAwMDAwfX0="
        }
      ]
    },
    {
      "module": "module.resource_group",
      "mode": "managed",
      "type": "azurerm_resource_group",
      "name": "windows-rg",
      "provider": "provider[\"registry.terraform.io/hashicorp/azurerm\"]",
      "instances": [
        {
          "schema_version": 0,
          "attributes": {
            "id": "/subscriptions/cbb7d814-5676-40c4-9a70-ef502683805b/resourceGroups/lab-windows",
            "location": "canadacentral",
            "name": "lab-windows",
            "tags": {},
            "timeouts": null
          },
          "sensitive_attributes": [],
          "private": "eyJlMmJmYjczMC1lY2FhLTExZTYtOGY4OC0zNDM2M2JjN2M0YzAiOnsiY3JlYXRlIjo1NDAwMDAwMDAwMDAwLCJkZWxldGUiOjU0MDAwMDAwMDAwMDAsInJlYWQiOjMwMDAwMDAwMDAwMCwidXBkYXRlIjo1NDAwMDAwMDAwMDAwfX0="
        }
      ]
    },
    {
      "module": "module.window_vm",
      "mode": "managed",
      "type": "azurerm_availability_set",
      "name": "win_avs",
      "provider": "provider[\"registry.terraform.io/hashicorp/azurerm\"]",
      "instances": [
        {
          "schema_version": 0,
          "attributes": {
            "id": "/subscriptions/cbb7d814-5676-40c4-9a70-ef502683805b/resourceGroups/lab-windows/providers/Microsoft.Compute/availabilitySets/n01605052-w-avs",
            "location": "canadacentral",
            "managed": true,
            "name": "n01605052-w-avs",
            "platform_fault_domain_count": 2,
            "platform_update_domain_count": 5,
            "proximity_placement_group_id": null,
            "resource_group_name": "lab-windows",
            "tags": {},
            "timeouts": null
          },
          "sensitive_attributes": [],
          "private": "eyJlMmJmYjczMC1lY2FhLTExZTYtOGY4OC0zNDM2M2JjN2M0YzAiOnsiY3JlYXRlIjoxODAwMDAwMDAwMDAwLCJkZWxldGUiOjE4MDAwMDAwMDAwMDAsInJlYWQiOjMwMDAwMDAwMDAwMCwidXBkYXRlIjoxODAwMDAwMDAwMDAwfX0=",
          "dependencies": [
            "module.resource_group.azurerm_resource_group.windows-rg"
          ]
        }
      ]
    },
    {
      "module": "module.window_vm",
      "mode": "managed",
      "type": "azurerm_network_interface",
      "name": "win-nic",
      "provider": "provider[\"registry.terraform.io/hashicorp/azurerm\"]",
      "instances": [
        {
          "index_key": 0,
          "schema_version": 0,
          "attributes": {
            "applied_dns_servers": [],
            "dns_servers": [],
            "edge_zone": "",
            "enable_accelerated_networking": false,
            "enable_ip_forwarding": false,
            "id": "/subscriptions/cbb7d814-5676-40c4-9a70-ef502683805b/resourceGroups/lab-windows/providers/Microsoft.Network/networkInterfaces/lab-network-nic-win-n01605052-w-1",
            "internal_dns_name_label": "",
            "internal_domain_name_suffix": "oy1jsltauyqerdfuap4z5esfjd.ux.internal.cloudapp.net",
            "ip_configuration": [
              {
                "gateway_load_balancer_frontend_ip_configuration_id": "",
                "name": "n01605052-w-ipconfig-1",
                "primary": true,
                "private_ip_address": "10.0.1.4",
                "private_ip_address_allocation": "Dynamic",
                "private_ip_address_version": "IPv4",
                "public_ip_address_id": "/subscriptions/cbb7d814-5676-40c4-9a70-ef502683805b/resourceGroups/lab-windows/providers/Microsoft.Network/publicIPAddresses/n01605052-w-1-pip",
                "subnet_id": "/subscriptions/cbb7d814-5676-40c4-9a70-ef502683805b/resourceGroups/lab-network/providers/Microsoft.Network/virtualNetworks/lab-vnet/subnets/lab-network-subnet-2"
              }
            ],
            "location": "canadacentral",
            "mac_address": "00-22-48-AD-C9-61",
            "name": "lab-network-nic-win-n01605052-w-1",
            "private_ip_address": "10.0.1.4",
            "private_ip_addresses": [
              "10.0.1.4"
            ],
            "resource_group_name": "lab-windows",
            "tags": {
              "ContactEmail": "n01605052@humber.ca",
              "Environment": "Lab",
              "Name": "Terrafom-Class",
              "Project": "Learning"
            },
            "timeouts": null,
            "virtual_machine_id": "/subscriptions/cbb7d814-5676-40c4-9a70-ef502683805b/resourceGroups/lab-windows/providers/Microsoft.Compute/virtualMachines/n01605052-w-1"
          },
          "sensitive_attributes": [],
          "private": "eyJlMmJmYjczMC1lY2FhLTExZTYtOGY4OC0zNDM2M2JjN2M0YzAiOnsiY3JlYXRlIjoxODAwMDAwMDAwMDAwLCJkZWxldGUiOjE4MDAwMDAwMDAwMDAsInJlYWQiOjMwMDAwMDAwMDAwMCwidXBkYXRlIjoxODAwMDAwMDAwMDAwfX0=",
          "dependencies": [
            "module.network.azurerm_subnet.network-subnet2",
            "module.network.azurerm_virtual_network.network-vnet",
            "module.resource_group.azurerm_resource_group.network-rg",
            "module.resource_group.azurerm_resource_group.windows-rg",
            "module.window_vm.azurerm_public_ip.win-ip"
          ]
        },
        {
          "index_key": 1,
          "schema_version": 0,
          "attributes": {
            "applied_dns_servers": [],
            "dns_servers": [],
            "edge_zone": "",
            "enable_accelerated_networking": false,
            "enable_ip_forwarding": false,
            "id": "/subscriptions/cbb7d814-5676-40c4-9a70-ef502683805b/resourceGroups/lab-windows/providers/Microsoft.Network/networkInterfaces/lab-network-nic-win-n01605052-w-2",
            "internal_dns_name_label": "",
            "internal_domain_name_suffix": "oy1jsltauyqerdfuap4z5esfjd.ux.internal.cloudapp.net",
            "ip_configuration": [
              {
                "gateway_load_balancer_frontend_ip_configuration_id": "",
                "name": "n01605052-w-ipconfig-2",
                "primary": true,
                "private_ip_address": "10.0.1.5",
                "private_ip_address_allocation": "Dynamic",
                "private_ip_address_version": "IPv4",
                "public_ip_address_id": "/subscriptions/cbb7d814-5676-40c4-9a70-ef502683805b/resourceGroups/lab-windows/providers/Microsoft.Network/publicIPAddresses/n01605052-w-2-pip",
                "subnet_id": "/subscriptions/cbb7d814-5676-40c4-9a70-ef502683805b/resourceGroups/lab-network/providers/Microsoft.Network/virtualNetworks/lab-vnet/subnets/lab-network-subnet-2"
              }
            ],
            "location": "canadacentral",
            "mac_address": "00-22-48-AE-CE-39",
            "name": "lab-network-nic-win-n01605052-w-2",
            "private_ip_address": "10.0.1.5",
            "private_ip_addresses": [
              "10.0.1.5"
            ],
            "resource_group_name": "lab-windows",
            "tags": {
              "ContactEmail": "n01605052@humber.ca",
              "Environment": "Lab",
              "Name": "Terrafom-Class",
              "Project": "Learning"
            },
            "timeouts": null,
            "virtual_machine_id": "/subscriptions/cbb7d814-5676-40c4-9a70-ef502683805b/resourceGroups/lab-windows/providers/Microsoft.Compute/virtualMachines/n01605052-w-2"
          },
          "sensitive_attributes": [],
          "private": "eyJlMmJmYjczMC1lY2FhLTExZTYtOGY4OC0zNDM2M2JjN2M0YzAiOnsiY3JlYXRlIjoxODAwMDAwMDAwMDAwLCJkZWxldGUiOjE4MDAwMDAwMDAwMDAsInJlYWQiOjMwMDAwMDAwMDAwMCwidXBkYXRlIjoxODAwMDAwMDAwMDAwfX0=",
          "dependencies": [
            "module.network.azurerm_subnet.network-subnet2",
            "module.network.azurerm_virtual_network.network-vnet",
            "module.resource_group.azurerm_resource_group.network-rg",
            "module.resource_group.azurerm_resource_group.windows-rg",
            "module.window_vm.azurerm_public_ip.win-ip"
          ]
        }
      ]
    },
    {
      "module": "module.window_vm",
      "mode": "managed",
      "type": "azurerm_public_ip",
      "name": "win-ip",
      "provider": "provider[\"registry.terraform.io/hashicorp/azurerm\"]",
      "instances": [
        {
          "index_key": 0,
          "schema_version": 0,
          "attributes": {
            "allocation_method": "Dynamic",
            "domain_name_label": "n01605052-w-1",
            "edge_zone": "",
            "fqdn": "n01605052-w-1.canadacentral.cloudapp.azure.com",
            "id": "/subscriptions/cbb7d814-5676-40c4-9a70-ef502683805b/resourceGroups/lab-windows/providers/Microsoft.Network/publicIPAddresses/n01605052-w-1-pip",
            "idle_timeout_in_minutes": 4,
            "ip_address": "52.237.36.122",
            "ip_tags": {},
            "ip_version": "IPv4",
            "location": "canadacentral",
            "name": "n01605052-w-1-pip",
            "public_ip_prefix_id": null,
            "resource_group_name": "lab-windows",
            "reverse_fqdn": "",
            "sku": "Basic",
            "sku_tier": "Regional",
            "tags": {
              "ContactEmail": "n01605052@humber.ca",
              "Environment": "Lab",
              "Name": "Terrafom-Class",
              "Project": "Learning"
            },
            "timeouts": null,
            "zones": []
          },
          "sensitive_attributes": [],
          "private": "eyJlMmJmYjczMC1lY2FhLTExZTYtOGY4OC0zNDM2M2JjN2M0YzAiOnsiY3JlYXRlIjoxODAwMDAwMDAwMDAwLCJkZWxldGUiOjE4MDAwMDAwMDAwMDAsInJlYWQiOjMwMDAwMDAwMDAwMCwidXBkYXRlIjoxODAwMDAwMDAwMDAwfX0=",
          "dependencies": [
            "module.resource_group.azurerm_resource_group.windows-rg"
          ]
        },
        {
          "index_key": 1,
          "schema_version": 0,
          "attributes": {
            "allocation_method": "Dynamic",
            "domain_name_label": "n01605052-w-2",
            "edge_zone": "",
            "fqdn": "n01605052-w-2.canadacentral.cloudapp.azure.com",
            "id": "/subscriptions/cbb7d814-5676-40c4-9a70-ef502683805b/resourceGroups/lab-windows/providers/Microsoft.Network/publicIPAddresses/n01605052-w-2-pip",
            "idle_timeout_in_minutes": 4,
            "ip_address": "52.233.46.103",
            "ip_tags": {},
            "ip_version": "IPv4",
            "location": "canadacentral",
            "name": "n01605052-w-2-pip",
            "public_ip_prefix_id": null,
            "resource_group_name": "lab-windows",
            "reverse_fqdn": "",
            "sku": "Basic",
            "sku_tier": "Regional",
            "tags": {
              "ContactEmail": "n01605052@humber.ca",
              "Environment": "Lab",
              "Name": "Terrafom-Class",
              "Project": "Learning"
            },
            "timeouts": null,
            "zones": []
          },
          "sensitive_attributes": [],
          "private": "eyJlMmJmYjczMC1lY2FhLTExZTYtOGY4OC0zNDM2M2JjN2M0YzAiOnsiY3JlYXRlIjoxODAwMDAwMDAwMDAwLCJkZWxldGUiOjE4MDAwMDAwMDAwMDAsInJlYWQiOjMwMDAwMDAwMDAwMCwidXBkYXRlIjoxODAwMDAwMDAwMDAwfX0=",
          "dependencies": [
            "module.resource_group.azurerm_resource_group.windows-rg"
          ]
        }
      ]
    },
    {
      "module": "module.window_vm",
      "mode": "managed",
      "type": "azurerm_windows_virtual_machine",
      "name": "vm-win",
      "provider": "provider[\"registry.terraform.io/hashicorp/azurerm\"]",
      "instances": [
        {
          "index_key": 0,
          "schema_version": 0,
          "attributes": {
            "additional_capabilities": [],
            "additional_unattend_content": [],
            "admin_password": "N01605052@Winuser",
            "admin_username": "kaushal",
            "allow_extension_operations": true,
            "availability_set_id": "/subscriptions/cbb7d814-5676-40c4-9a70-ef502683805b/resourceGroups/lab-windows/providers/Microsoft.Compute/availabilitySets/N01605052-W-AVS",
            "boot_diagnostics": [],
            "computer_name": "n01605052-w-1",
            "custom_data": null,
            "dedicated_host_group_id": "",
            "dedicated_host_id": "",
            "edge_zone": "",
            "enable_automatic_updates": true,
            "encryption_at_host_enabled": false,
            "eviction_policy": "",
            "extensions_time_budget": "PT1H30M",
            "hotpatching_enabled": false,
            "id": "/subscriptions/cbb7d814-5676-40c4-9a70-ef502683805b/resourceGroups/lab-windows/providers/Microsoft.Compute/virtualMachines/n01605052-w-1",
            "identity": [],
            "license_type": "",
            "location": "canadacentral",
            "max_bid_price": -1,
            "name": "n01605052-w-1",
            "network_interface_ids": [
              "/subscriptions/cbb7d814-5676-40c4-9a70-ef502683805b/resourceGroups/lab-windows/providers/Microsoft.Network/networkInterfaces/lab-network-nic-win-n01605052-w-1"
            ],
            "os_disk": [
              {
                "caching": "ReadWrite",
                "diff_disk_settings": [],
                "disk_encryption_set_id": "",
                "disk_size_gb": 128,
                "name": "n01605052-w-osdisk-1",
                "storage_account_type": "StandardSSD_LRS",
                "write_accelerator_enabled": false
              }
            ],
            "patch_mode": "AutomaticByOS",
            "plan": [],
            "platform_fault_domain": -1,
            "priority": "Regular",
            "private_ip_address": "10.0.1.4",
            "private_ip_addresses": [
              "10.0.1.4"
            ],
            "provision_vm_agent": true,
            "proximity_placement_group_id": "",
            "public_ip_address": "52.237.36.122",
            "public_ip_addresses": [
              "52.237.36.122"
            ],
            "resource_group_name": "lab-windows",
            "secret": [],
            "secure_boot_enabled": false,
            "size": "Standard_B1s",
            "source_image_id": "",
            "source_image_reference": [
              {
                "offer": "WindowsServer",
                "publisher": "MicrosoftWindowsServer",
                "sku": "2016-Datacenter",
                "version": "latest"
              }
            ],
            "tags": {
              "ContactEmail": "n01605052@humber.ca",
              "Environment": "Lab",
              "Name": "Terrafom-Class",
              "Project": "Learning"
            },
            "termination_notification": [],
            "timeouts": null,
            "timezone": "",
            "user_data": "",
            "virtual_machine_id": "3518ccaa-b5b1-4122-b81a-02ba6c8b6d26",
            "virtual_machine_scale_set_id": "",
            "vtpm_enabled": false,
            "winrm_listener": [],
            "zone": ""
          },
          "sensitive_attributes": [],
          "private": "eyJlMmJmYjczMC1lY2FhLTExZTYtOGY4OC0zNDM2M2JjN2M0YzAiOnsiY3JlYXRlIjoyNzAwMDAwMDAwMDAwLCJkZWxldGUiOjI3MDAwMDAwMDAwMDAsInJlYWQiOjMwMDAwMDAwMDAwMCwidXBkYXRlIjoyNzAwMDAwMDAwMDAwfX0=",
          "dependencies": [
            "module.network.azurerm_subnet.network-subnet2",
            "module.network.azurerm_virtual_network.network-vnet",
            "module.resource_group.azurerm_resource_group.network-rg",
            "module.resource_group.azurerm_resource_group.windows-rg",
            "module.window_vm.azurerm_availability_set.win_avs",
            "module.window_vm.azurerm_network_interface.win-nic",
            "module.window_vm.azurerm_public_ip.win-ip"
          ]
        },
        {
          "index_key": 1,
          "schema_version": 0,
          "attributes": {
            "additional_capabilities": [],
            "additional_unattend_content": [],
            "admin_password": "N01605052@Winuser",
            "admin_username": "kaushal",
            "allow_extension_operations": true,
            "availability_set_id": "/subscriptions/cbb7d814-5676-40c4-9a70-ef502683805b/resourceGroups/lab-windows/providers/Microsoft.Compute/availabilitySets/N01605052-W-AVS",
            "boot_diagnostics": [],
            "computer_name": "n01605052-w-2",
            "custom_data": null,
            "dedicated_host_group_id": "",
            "dedicated_host_id": "",
            "edge_zone": "",
            "enable_automatic_updates": true,
            "encryption_at_host_enabled": false,
            "eviction_policy": "",
            "extensions_time_budget": "PT1H30M",
            "hotpatching_enabled": false,
            "id": "/subscriptions/cbb7d814-5676-40c4-9a70-ef502683805b/resourceGroups/lab-windows/providers/Microsoft.Compute/virtualMachines/n01605052-w-2",
            "identity": [],
            "license_type": "",
            "location": "canadacentral",
            "max_bid_price": -1,
            "name": "n01605052-w-2",
            "network_interface_ids": [
              "/subscriptions/cbb7d814-5676-40c4-9a70-ef502683805b/resourceGroups/lab-windows/providers/Microsoft.Network/networkInterfaces/lab-network-nic-win-n01605052-w-2"
            ],
            "os_disk": [
              {
                "caching": "ReadWrite",
                "diff_disk_settings": [],
                "disk_encryption_set_id": "",
                "disk_size_gb": 128,
                "name": "n01605052-w-osdisk-2",
                "storage_account_type": "StandardSSD_LRS",
                "write_accelerator_enabled": false
              }
            ],
            "patch_mode": "AutomaticByOS",
            "plan": [],
            "platform_fault_domain": -1,
            "priority": "Regular",
            "private_ip_address": "10.0.1.5",
            "private_ip_addresses": [
              "10.0.1.5"
            ],
            "provision_vm_agent": true,
            "proximity_placement_group_id": "",
            "public_ip_address": "52.233.46.103",
            "public_ip_addresses": [
              "52.233.46.103"
            ],
            "resource_group_name": "lab-windows",
            "secret": [],
            "secure_boot_enabled": false,
            "size": "Standard_B1s",
            "source_image_id": "",
            "source_image_reference": [
              {
                "offer": "WindowsServer",
                "publisher": "MicrosoftWindowsServer",
                "sku": "2016-Datacenter",
                "version": "latest"
              }
            ],
            "tags": {
              "ContactEmail": "n01605052@humber.ca",
              "Environment": "Lab",
              "Name": "Terrafom-Class",
              "Project": "Learning"
            },
            "termination_notification": [],
            "timeouts": null,
            "timezone": "",
            "user_data": "",
            "virtual_machine_id": "1ab3793e-e31f-4792-9b14-87698b02c9b3",
            "virtual_machine_scale_set_id": "",
            "vtpm_enabled": false,
            "winrm_listener": [],
            "zone": ""
          },
          "sensitive_attributes": [],
          "private": "eyJlMmJmYjczMC1lY2FhLTExZTYtOGY4OC0zNDM2M2JjN2M0YzAiOnsiY3JlYXRlIjoyNzAwMDAwMDAwMDAwLCJkZWxldGUiOjI3MDAwMDAwMDAwMDAsInJlYWQiOjMwMDAwMDAwMDAwMCwidXBkYXRlIjoyNzAwMDAwMDAwMDAwfX0=",
          "dependencies": [
            "module.network.azurerm_subnet.network-subnet2",
            "module.network.azurerm_virtual_network.network-vnet",
            "module.resource_group.azurerm_resource_group.network-rg",
            "module.resource_group.azurerm_resource_group.windows-rg",
            "module.window_vm.azurerm_availability_set.win_avs",
            "module.window_vm.azurerm_network_interface.win-nic",
            "module.window_vm.azurerm_public_ip.win-ip"
          ]
        }
      ]
    }
  ],
  "check_results": null
}
